
Microsoft Visual Studio Solution File, Format Version 12.00
# Visual Studio Version 16
VisualStudioVersion = 16.0.29709.97
MinimumVisualStudioVersion = 10.0.40219.1
Project("{FAE04EC0-301F-11D3-BF4B-00C04F79EFBC}") = "CSWATorzsadatok", "CSWATorzsadatok\CSWATorzsadatok.csproj", "{47CCCEC7-3AD9-40EF-9DFC-9CA291145AE0}"
EndProject
Global
	GlobalSection(SolutionConfigurationPlatforms) = preSolution
		Debug|Any CPU = Debug|Any CPU
		Release|Any CPU = Release|Any CPU
	EndGlobalSection
	GlobalSection(ProjectConfigurationPlatforms) = postSolution
		{47CCCEC7-3AD9-40EF-9DFC-9CA291145AE0}.Debug|Any CPU.ActiveCfg = Debug|Any CPU
		{47CCCEC7-3AD9-40EF-9DFC-9CA291145AE0}.Debug|Any CPU.Build.0 = Debug|Any CPU
		{47CCCEC7-3AD9-40EF-9DFC-9CA291145AE0}.Release|Any CPU.ActiveCfg = Release|Any CPU
		{47CCCEC7-3AD9-40EF-9DFC-9CA291145AE0}.Release|Any CPU.Build.0 = Release|Any CPU
	EndGlobalSection
	GlobalSection(SolutionProperties) = preSolution
		HideSolutionNode = FALSE
	EndGlobalSection
	GlobalSection(ExtensibilityGlobals) = postSolution
		SolutionGuid = {8EC39224-1ADC-4799-A366-6F489ED4B4DF}
	EndGlobalSection
EndGlobal
